
Microsoft Visual Studio Solution File, Format Version 12.00
# Visual Studio Version 17
VisualStudioVersion = 17.0.31903.59
MinimumVisualStudioVersion = 10.0.40219.1
Project("{FAE04EC0-301F-11D3-BF4B-00C04F79EFBC}") = "Shapes.Core", "Shapes.Core\Shapes.Core.csproj", "{05D1197B-C0EF-4C73-9BC4-B3C80BDD500B}"
EndProject
Project("{FAE04EC0-301F-11D3-BF4B-00C04F79EFBC}") = "Shapes.Ai", "Shapes.Ai\Shapes.Ai.csproj", "{8C43007C-D580-402B-9264-A291B2AAD1BA}"
EndProject
Project("{FAE04EC0-301F-11D3-BF4B-00C04F79EFBC}") = "Shapes.Console", "Shapes.Console\Shapes.Console.csproj", "{9ABEDD13-B2CC-4AAB-9AA4-F4BC5FE5DC53}"
EndProject
Project("{FAE04EC0-301F-11D3-BF4B-00C04F79EFBC}") = "Shapes.Sim", "Shapes.Sim\Shapes.Sim.csproj", "{6C77206F-23CE-436A-BD63-0768D7176393}"
EndProject
Project("{FAE04EC0-301F-11D3-BF4B-00C04F79EFBC}") = "Shapes.Tests", "Shapes.Tests\Shapes.Tests.csproj", "{3548501F-310F-4ACC-9FD2-3E51A2643A90}"
EndProject
Project("{FAE04EC0-301F-11D3-BF4B-00C04F79EFBC}") = "Shapes.Content", "Shapes.Content\Shapes.Content.csproj", "{05DF1FAF-FC4A-4B25-820A-4544B0988BBE}"
EndProject
Project("{FAE04EC0-301F-11D3-BF4B-00C04F79EFBC}") = "Shapes.Godot", "Shapes.Godot\Shapes.Godot.csproj", "{0FA44435-8C9F-43DD-8367-C0D1669718E0}"
EndProject
Project("{FAE04EC0-301F-11D3-BF4B-00C04F79EFBC}") = "Shapes.Godot.Adapter", "Shapes.Godot.Adapter\Shapes.Godot.Adapter.csproj", "{428610A3-9D2D-40C3-9AB7-87AB125EEBE5}"
EndProject
Project("{FAE04EC0-301F-11D3-BF4B-00C04F79EFBC}") = "Shapes.Relay", "Shapes.Relay\Shapes.Relay.csproj", "{91B86243-C27D-4E5F-847E-A0D674E7A5D0}"
EndProject
Global
	GlobalSection(SolutionConfigurationPlatforms) = preSolution
		Debug|Any CPU = Debug|Any CPU
		Debug|x64 = Debug|x64
		Debug|x86 = Debug|x86
		Release|Any CPU = Release|Any CPU
		Release|x64 = Release|x64
		Release|x86 = Release|x86
	EndGlobalSection
	GlobalSection(ProjectConfigurationPlatforms) = postSolution
		{05D1197B-C0EF-4C73-9BC4-B3C80BDD500B}.Debug|Any CPU.ActiveCfg = Debug|Any CPU
		{05D1197B-C0EF-4C73-9BC4-B3C80BDD500B}.Debug|Any CPU.Build.0 = Debug|Any CPU
		{05D1197B-C0EF-4C73-9BC4-B3C80BDD500B}.Debug|x64.ActiveCfg = Debug|Any CPU
		{05D1197B-C0EF-4C73-9BC4-B3C80BDD500B}.Debug|x64.Build.0 = Debug|Any CPU
		{05D1197B-C0EF-4C73-9BC4-B3C80BDD500B}.Debug|x86.ActiveCfg = Debug|Any CPU
		{05D1197B-C0EF-4C73-9BC4-B3C80BDD500B}.Debug|x86.Build.0 = Debug|Any CPU
		{05D1197B-C0EF-4C73-9BC4-B3C80BDD500B}.Release|Any CPU.ActiveCfg = Release|Any CPU
		{05D1197B-C0EF-4C73-9BC4-B3C80BDD500B}.Release|Any CPU.Build.0 = Release|Any CPU
		{05D1197B-C0EF-4C73-9BC4-B3C80BDD500B}.Release|x64.ActiveCfg = Release|Any CPU
		{05D1197B-C0EF-4C73-9BC4-B3C80BDD500B}.Release|x64.Build.0 = Release|Any CPU
		{05D1197B-C0EF-4C73-9BC4-B3C80BDD500B}.Release|x86.ActiveCfg = Release|Any CPU
		{05D1197B-C0EF-4C73-9BC4-B3C80BDD500B}.Release|x86.Build.0 = Release|Any CPU
		{8C43007C-D580-402B-9264-A291B2AAD1BA}.Debug|Any CPU.ActiveCfg = Debug|Any CPU
		{8C43007C-D580-402B-9264-A291B2AAD1BA}.Debug|Any CPU.Build.0 = Debug|Any CPU
		{8C43007C-D580-402B-9264-A291B2AAD1BA}.Debug|x64.ActiveCfg = Debug|Any CPU
		{8C43007C-D580-402B-9264-A291B2AAD1BA}.Debug|x64.Build.0 = Debug|Any CPU
		{8C43007C-D580-402B-9264-A291B2AAD1BA}.Debug|x86.ActiveCfg = Debug|Any CPU
		{8C43007C-D580-402B-9264-A291B2AAD1BA}.Debug|x86.Build.0 = Debug|Any CPU
		{8C43007C-D580-402B-9264-A291B2AAD1BA}.Release|Any CPU.ActiveCfg = Release|Any CPU
		{8C43007C-D580-402B-9264-A291B2AAD1BA}.Release|Any CPU.Build.0 = Release|Any CPU
		{8C43007C-D580-402B-9264-A291B2AAD1BA}.Release|x64.ActiveCfg = Release|Any CPU
		{8C43007C-D580-402B-9264-A291B2AAD1BA}.Release|x64.Build.0 = Release|Any CPU
		{8C43007C-D580-402B-9264-A291B2AAD1BA}.Release|x86.ActiveCfg = Release|Any CPU
		{8C43007C-D580-402B-9264-A291B2AAD1BA}.Release|x86.Build.0 = Release|Any CPU
		{9ABEDD13-B2CC-4AAB-9AA4-F4BC5FE5DC53}.Debug|Any CPU.ActiveCfg = Debug|Any CPU
		{9ABEDD13-B2CC-4AAB-9AA4-F4BC5FE5DC53}.Debug|Any CPU.Build.0 = Debug|Any CPU
		{9ABEDD13-B2CC-4AAB-9AA4-F4BC5FE5DC53}.Debug|x64.ActiveCfg = Debug|Any CPU
		{9ABEDD13-B2CC-4AAB-9AA4-F4BC5FE5DC53}.Debug|x64.Build.0 = Debug|Any CPU
		{9ABEDD13-B2CC-4AAB-9AA4-F4BC5FE5DC53}.Debug|x86.ActiveCfg = Debug|Any CPU
		{9ABEDD13-B2CC-4AAB-9AA4-F4BC5FE5DC53}.Debug|x86.Build.0 = Debug|Any CPU
		{9ABEDD13-B2CC-4AAB-9AA4-F4BC5FE5DC53}.Release|Any CPU.ActiveCfg = Release|Any CPU
		{9ABEDD13-B2CC-4AAB-9AA4-F4BC5FE5DC53}.Release|Any CPU.Build.0 = Release|Any CPU
		{9ABEDD13-B2CC-4AAB-9AA4-F4BC5FE5DC53}.Release|x64.ActiveCfg = Release|Any CPU
		{9ABEDD13-B2CC-4AAB-9AA4-F4BC5FE5DC53}.Release|x64.Build.0 = Release|Any CPU
		{9ABEDD13-B2CC-4AAB-9AA4-F4BC5FE5DC53}.Release|x86.ActiveCfg = Release|Any CPU
		{9ABEDD13-B2CC-4AAB-9AA4-F4BC5FE5DC53}.Release|x86.Build.0 = Release|Any CPU
		{6C77206F-23CE-436A-BD63-0768D7176393}.Debug|Any CPU.ActiveCfg = Debug|Any CPU
		{6C77206F-23CE-436A-BD63-0768D7176393}.Debug|Any CPU.Build.0 = Debug|Any CPU
		{6C77206F-23CE-436A-BD63-0768D7176393}.Debug|x64.ActiveCfg = Debug|Any CPU
		{6C77206F-23CE-436A-BD63-0768D7176393}.Debug|x64.Build.0 = Debug|Any CPU
		{6C77206F-23CE-436A-BD63-0768D7176393}.Debug|x86.ActiveCfg = Debug|Any CPU
		{6C77206F-23CE-436A-BD63-0768D7176393}.Debug|x86.Build.0 = Debug|Any CPU
		{6C77206F-23CE-436A-BD63-0768D7176393}.Release|Any CPU.ActiveCfg = Release|Any CPU
		{6C77206F-23CE-436A-BD63-0768D7176393}.Release|Any CPU.Build.0 = Release|Any CPU
		{6C77206F-23CE-436A-BD63-0768D7176393}.Release|x64.ActiveCfg = Release|Any CPU
		{6C77206F-23CE-436A-BD63-0768D7176393}.Release|x64.Build.0 = Release|Any CPU
		{6C77206F-23CE-436A-BD63-0768D7176393}.Release|x86.ActiveCfg = Release|Any CPU
		{6C77206F-23CE-436A-BD63-0768D7176393}.Release|x86.Build.0 = Release|Any CPU
		{3548501F-310F-4ACC-9FD2-3E51A2643A90}.Debug|Any CPU.ActiveCfg = Debug|Any CPU
		{3548501F-310F-4ACC-9FD2-3E51A2643A90}.Debug|Any CPU.Build.0 = Debug|Any CPU
		{3548501F-310F-4ACC-9FD2-3E51A2643A90}.Debug|x64.ActiveCfg = Debug|Any CPU
		{3548501F-310F-4ACC-9FD2-3E51A2643A90}.Debug|x64.Build.0 = Debug|Any CPU
		{3548501F-310F-4ACC-9FD2-3E51A2643A90}.Debug|x86.ActiveCfg = Debug|Any CPU
		{3548501F-310F-4ACC-9FD2-3E51A2643A90}.Debug|x86.Build.0 = Debug|Any CPU
		{3548501F-310F-4ACC-9FD2-3E51A2643A90}.Release|Any CPU.ActiveCfg = Release|Any CPU
		{3548501F-310F-4ACC-9FD2-3E51A2643A90}.Release|Any CPU.Build.0 = Release|Any CPU
		{3548501F-310F-4ACC-9FD2-3E51A2643A90}.Release|x64.ActiveCfg = Release|Any CPU
		{3548501F-310F-4ACC-9FD2-3E51A2643A90}.Release|x64.Build.0 = Release|Any CPU
		{3548501F-310F-4ACC-9FD2-3E51A2643A90}.Release|x86.ActiveCfg = Release|Any CPU
		{3548501F-310F-4ACC-9FD2-3E51A2643A90}.Release|x86.Build.0 = Release|Any CPU
		{05DF1FAF-FC4A-4B25-820A-4544B0988BBE}.Debug|Any CPU.ActiveCfg = Debug|Any CPU
		{05DF1FAF-FC4A-4B25-820A-4544B0988BBE}.Debug|Any CPU.Build.0 = Debug|Any CPU
		{05DF1FAF-FC4A-4B25-820A-4544B0988BBE}.Debug|x64.ActiveCfg = Debug|Any CPU
		{05DF1FAF-FC4A-4B25-820A-4544B0988BBE}.Debug|x64.Build.0 = Debug|Any CPU
		{05DF1FAF-FC4A-4B25-820A-4544B0988BBE}.Debug|x86.ActiveCfg = Debug|Any CPU
		{05DF1FAF-FC4A-4B25-820A-4544B0988BBE}.Debug|x86.Build.0 = Debug|Any CPU
		{05DF1FAF-FC4A-4B25-820A-4544B0988BBE}.Release|Any CPU.ActiveCfg = Release|Any CPU
		{05DF1FAF-FC4A-4B25-820A-4544B0988BBE}.Release|Any CPU.Build.0 = Release|Any CPU
		{05DF1FAF-FC4A-4B25-820A-4544B0988BBE}.Release|x64.ActiveCfg = Release|Any CPU
		{05DF1FAF-FC4A-4B25-820A-4544B0988BBE}.Release|x64.Build.0 = Release|Any CPU
		{05DF1FAF-FC4A-4B25-820A-4544B0988BBE}.Release|x86.ActiveCfg = Release|Any CPU
		{05DF1FAF-FC4A-4B25-820A-4544B0988BBE}.Release|x86.Build.0 = Release|Any CPU
		{0FA44435-8C9F-43DD-8367-C0D1669718E0}.Debug|Any CPU.ActiveCfg = Debug|Any CPU
		{0FA44435-8C9F-43DD-8367-C0D1669718E0}.Debug|Any CPU.Build.0 = Debug|Any CPU
		{0FA44435-8C9F-43DD-8367-C0D1669718E0}.Debug|x64.ActiveCfg = Debug|Any CPU
		{0FA44435-8C9F-43DD-8367-C0D1669718E0}.Debug|x64.Build.0 = Debug|Any CPU
		{0FA44435-8C9F-43DD-8367-C0D1669718E0}.Debug|x86.ActiveCfg = Debug|Any CPU
		{0FA44435-8C9F-43DD-8367-C0D1669718E0}.Debug|x86.Build.0 = Debug|Any CPU
		{0FA44435-8C9F-43DD-8367-C0D1669718E0}.Release|Any CPU.ActiveCfg = Debug|Any CPU
		{0FA44435-8C9F-43DD-8367-C0D1669718E0}.Release|Any CPU.Build.0 = Debug|Any CPU
		{0FA44435-8C9F-43DD-8367-C0D1669718E0}.Release|x64.ActiveCfg = Debug|Any CPU
		{0FA44435-8C9F-43DD-8367-C0D1669718E0}.Release|x64.Build.0 = Debug|Any CPU
		{0FA44435-8C9F-43DD-8367-C0D1669718E0}.Release|x86.ActiveCfg = Debug|Any CPU
		{0FA44435-8C9F-43DD-8367-C0D1669718E0}.Release|x86.Build.0 = Debug|Any CPU
		{428610A3-9D2D-40C3-9AB7-87AB125EEBE5}.Debug|Any CPU.ActiveCfg = Debug|Any CPU
		{428610A3-9D2D-40C3-9AB7-87AB125EEBE5}.Debug|Any CPU.Build.0 = Debug|Any CPU
		{428610A3-9D2D-40C3-9AB7-87AB125EEBE5}.Debug|x64.ActiveCfg = Debug|Any CPU
		{428610A3-9D2D-40C3-9AB7-87AB125EEBE5}.Debug|x64.Build.0 = Debug|Any CPU
		{428610A3-9D2D-40C3-9AB7-87AB125EEBE5}.Debug|x86.ActiveCfg = Debug|Any CPU
		{428610A3-9D2D-40C3-9AB7-87AB125EEBE5}.Debug|x86.Build.0 = Debug|Any CPU
		{428610A3-9D2D-40C3-9AB7-87AB125EEBE5}.Release|Any CPU.ActiveCfg = Release|Any CPU
		{428610A3-9D2D-40C3-9AB7-87AB125EEBE5}.Release|Any CPU.Build.0 = Release|Any CPU
		{428610A3-9D2D-40C3-9AB7-87AB125EEBE5}.Release|x64.ActiveCfg = Release|Any CPU
		{428610A3-9D2D-40C3-9AB7-87AB125EEBE5}.Release|x64.Build.0 = Release|Any CPU
		{428610A3-9D2D-40C3-9AB7-87AB125EEBE5}.Release|x86.ActiveCfg = Release|Any CPU
		{428610A3-9D2D-40C3-9AB7-87AB125EEBE5}.Release|x86.Build.0 = Release|Any CPU
		{91B86243-C27D-4E5F-847E-A0D674E7A5D0}.Debug|Any CPU.ActiveCfg = Debug|Any CPU
		{91B86243-C27D-4E5F-847E-A0D674E7A5D0}.Debug|Any CPU.Build.0 = Debug|Any CPU
		{91B86243-C27D-4E5F-847E-A0D674E7A5D0}.Debug|x64.ActiveCfg = Debug|Any CPU
		{91B86243-C27D-4E5F-847E-A0D674E7A5D0}.Debug|x64.Build.0 = Debug|Any CPU
		{91B86243-C27D-4E5F-847E-A0D674E7A5D0}.Debug|x86.ActiveCfg = Debug|Any CPU
		{91B86243-C27D-4E5F-847E-A0D674E7A5D0}.Debug|x86.Build.0 = Debug|Any CPU
		{91B86243-C27D-4E5F-847E-A0D674E7A5D0}.Release|Any CPU.ActiveCfg = Release|Any CPU
		{91B86243-C27D-4E5F-847E-A0D674E7A5D0}.Release|Any CPU.Build.0 = Release|Any CPU
		{91B86243-C27D-4E5F-847E-A0D674E7A5D0}.Release|x64.ActiveCfg = Release|Any CPU
		{91B86243-C27D-4E5F-847E-A0D674E7A5D0}.Release|x64.Build.0 = Release|Any CPU
		{91B86243-C27D-4E5F-847E-A0D674E7A5D0}.Release|x86.ActiveCfg = Release|Any CPU
		{91B86243-C27D-4E5F-847E-A0D674E7A5D0}.Release|x86.Build.0 = Release|Any CPU
	EndGlobalSection
	GlobalSection(SolutionProperties) = preSolution
		HideSolutionNode = FALSE
	EndGlobalSection
EndGlobal
